
Microsoft Visual Studio Solution File, Format Version 12.00
# Visual Studio Version 17
VisualStudioVersion = 17.9.34728.123
MinimumVisualStudioVersion = 10.0.40219.1
Project("{FAE04EC0-301F-11D3-BF4B-00C04F79EFBC}") = "websale_webAPI", "websale_webAPI\websale_webAPI.csproj", "{D577A357-2C9F-4AA3-8183-45C9BB7FEA71}"
EndProject
Project("{2150E333-8FDC-42A3-9474-1A3956D46DE8}") = "service", "service", "{E4FAD9D1-31F8-4EF6-8628-53AF79B311F0}"
EndProject
Project("{2150E333-8FDC-42A3-9474-1A3956D46DE8}") = "oder", "oder", "{1497DE40-4F4D-4486-8E4A-076346E2ACA7}"
EndProject
Project("{2150E333-8FDC-42A3-9474-1A3956D46DE8}") = "auth", "auth", "{A5250DEB-151A-4CAC-9E29-A9F58E1D976C}"
EndProject
Project("{FAE04EC0-301F-11D3-BF4B-00C04F79EFBC}") = "WS.Auth.Domain", "service\auth\WS.Auth.Domain\WS.Auth.Domain.csproj", "{73D84417-58A6-459C-92AB-BB6DE1858B77}"
EndProject
Project("{FAE04EC0-301F-11D3-BF4B-00C04F79EFBC}") = "WS.Auth.Controllers", "service\auth\WC.Auth.Controllers\WS.Auth.Controllers.csproj", "{43FE6C20-D586-4994-AB0D-39EA4EE82F3D}"
EndProject
Project("{FAE04EC0-301F-11D3-BF4B-00C04F79EFBC}") = "WS.Auth.Services", "WS.Auth.Services\WS.Auth.Services.csproj", "{B66DB9A6-7117-45A6-8D1B-0B94EF7797C1}"
EndProject
Project("{FAE04EC0-301F-11D3-BF4B-00C04F79EFBC}") = "WS.Auth.Dtos", "WS.Auth.Dtos\WS.Auth.Dtos.csproj", "{9097811B-6C0D-43E7-AFAE-E2F7A9B1A66E}"
EndProject
Project("{FAE04EC0-301F-11D3-BF4B-00C04F79EFBC}") = "WS.Auth.Infrastructures", "WS.Auth.Infrastructures\WS.Auth.Infrastructures.csproj", "{07246CB0-26C8-4DB5-AFAE-D4817BBEFDD1}"
EndProject
Project("{2150E333-8FDC-42A3-9474-1A3956D46DE8}") = "product", "product", "{400AFE65-4CEE-428F-8B03-12D241EDF2B6}"
EndProject
Project("{2150E333-8FDC-42A3-9474-1A3956D46DE8}") = "share", "share", "{370066C0-3DD4-437C-B81D-DA72E92F24A6}"
EndProject
Project("{2150E333-8FDC-42A3-9474-1A3956D46DE8}") = "Notification", "Notification", "{3C62F980-B9B8-4D78-829B-92505619D7E2}"
EndProject
Project("{FAE04EC0-301F-11D3-BF4B-00C04F79EFBC}") = "WS.Product.Domain", "service\product\WS.Product.Domain\WS.Product.Domain.csproj", "{1CEB16E4-C9CB-46B6-BD3D-3EED796B45A7}"
EndProject
Project("{FAE04EC0-301F-11D3-BF4B-00C04F79EFBC}") = "WS.Product.Controllers", "WS.Product.Controllers\WS.Product.Controllers.csproj", "{6D01BEF9-7A0B-420B-B9B8-E08BCF74F047}"
EndProject
Project("{FAE04EC0-301F-11D3-BF4B-00C04F79EFBC}") = "WS.Product.Services", "service\product\WS.Product.Services\WS.Product.Services.csproj", "{9D007C82-7974-462B-88D7-69A9C036D3EA}"
EndProject
Project("{FAE04EC0-301F-11D3-BF4B-00C04F79EFBC}") = "WS.Product.Dtos", "service\product\WS.Product.Dtos\WS.Product.Dtos.csproj", "{A8E693CF-3640-49CB-8CBB-1C4B0C6E9F78}"
EndProject
Project("{FAE04EC0-301F-11D3-BF4B-00C04F79EFBC}") = "WS.Product.Infrastructures", "service\product\WS.Product.Infrastructures\WS.Product.Infrastructures.csproj", "{CD648E33-A292-4A86-951A-01C51783A018}"
EndProject
Project("{FAE04EC0-301F-11D3-BF4B-00C04F79EFBC}") = "WS.Share.Controllers", "service\share\WS.Share.Controllers\WS.Share.Controllers.csproj", "{98DC10F1-20FF-4EAE-91AB-3F47AD8D81FE}"
EndProject
Project("{FAE04EC0-301F-11D3-BF4B-00C04F79EFBC}") = "WS.Share.Services", "service\share\WS.Share.Services\WS.Share.Services.csproj", "{32752C5A-C4E7-4F75-8824-C4902F6C5529}"
EndProject
Project("{FAE04EC0-301F-11D3-BF4B-00C04F79EFBC}") = "WS.Share.Dtos", "service\share\WS.Share.Dtos\WS.Share.Dtos.csproj", "{EF7657A4-399B-4611-8A82-B277BCEC8186}"
EndProject
Project("{FAE04EC0-301F-11D3-BF4B-00C04F79EFBC}") = "WS.Share.Infrastructures", "service\share\WS.Share.Infrastructures\WS.Share.Infrastructures.csproj", "{C70CDDD7-0484-41BE-9777-910C5B23BEBD}"
EndProject
Project("{FAE04EC0-301F-11D3-BF4B-00C04F79EFBC}") = "WS.Share.Domain", "service\share\WS.Share.Domain\WS.Share.Domain.csproj", "{5B133124-C9FF-4DC6-B384-E488151E5712}"
EndProject
Global
	GlobalSection(SolutionConfigurationPlatforms) = preSolution
		Debug|Any CPU = Debug|Any CPU
		Release|Any CPU = Release|Any CPU
	EndGlobalSection
	GlobalSection(ProjectConfigurationPlatforms) = postSolution
		{D577A357-2C9F-4AA3-8183-45C9BB7FEA71}.Debug|Any CPU.ActiveCfg = Debug|Any CPU
		{D577A357-2C9F-4AA3-8183-45C9BB7FEA71}.Debug|Any CPU.Build.0 = Debug|Any CPU
		{D577A357-2C9F-4AA3-8183-45C9BB7FEA71}.Release|Any CPU.ActiveCfg = Release|Any CPU
		{D577A357-2C9F-4AA3-8183-45C9BB7FEA71}.Release|Any CPU.Build.0 = Release|Any CPU
		{73D84417-58A6-459C-92AB-BB6DE1858B77}.Debug|Any CPU.ActiveCfg = Debug|Any CPU
		{73D84417-58A6-459C-92AB-BB6DE1858B77}.Debug|Any CPU.Build.0 = Debug|Any CPU
		{73D84417-58A6-459C-92AB-BB6DE1858B77}.Release|Any CPU.ActiveCfg = Release|Any CPU
		{73D84417-58A6-459C-92AB-BB6DE1858B77}.Release|Any CPU.Build.0 = Release|Any CPU
		{43FE6C20-D586-4994-AB0D-39EA4EE82F3D}.Debug|Any CPU.ActiveCfg = Debug|Any CPU
		{43FE6C20-D586-4994-AB0D-39EA4EE82F3D}.Debug|Any CPU.Build.0 = Debug|Any CPU
		{43FE6C20-D586-4994-AB0D-39EA4EE82F3D}.Release|Any CPU.ActiveCfg = Release|Any CPU
		{43FE6C20-D586-4994-AB0D-39EA4EE82F3D}.Release|Any CPU.Build.0 = Release|Any CPU
		{B66DB9A6-7117-45A6-8D1B-0B94EF7797C1}.Debug|Any CPU.ActiveCfg = Debug|Any CPU
		{B66DB9A6-7117-45A6-8D1B-0B94EF7797C1}.Debug|Any CPU.Build.0 = Debug|Any CPU
		{B66DB9A6-7117-45A6-8D1B-0B94EF7797C1}.Release|Any CPU.ActiveCfg = Release|Any CPU
		{B66DB9A6-7117-45A6-8D1B-0B94EF7797C1}.Release|Any CPU.Build.0 = Release|Any CPU
		{9097811B-6C0D-43E7-AFAE-E2F7A9B1A66E}.Debug|Any CPU.ActiveCfg = Debug|Any CPU
		{9097811B-6C0D-43E7-AFAE-E2F7A9B1A66E}.Debug|Any CPU.Build.0 = Debug|Any CPU
		{9097811B-6C0D-43E7-AFAE-E2F7A9B1A66E}.Release|Any CPU.ActiveCfg = Release|Any CPU
		{9097811B-6C0D-43E7-AFAE-E2F7A9B1A66E}.Release|Any CPU.Build.0 = Release|Any CPU
		{07246CB0-26C8-4DB5-AFAE-D4817BBEFDD1}.Debug|Any CPU.ActiveCfg = Debug|Any CPU
		{07246CB0-26C8-4DB5-AFAE-D4817BBEFDD1}.Debug|Any CPU.Build.0 = Debug|Any CPU
		{07246CB0-26C8-4DB5-AFAE-D4817BBEFDD1}.Release|Any CPU.ActiveCfg = Release|Any CPU
		{07246CB0-26C8-4DB5-AFAE-D4817BBEFDD1}.Release|Any CPU.Build.0 = Release|Any CPU
		{1CEB16E4-C9CB-46B6-BD3D-3EED796B45A7}.Debug|Any CPU.ActiveCfg = Debug|Any CPU
		{1CEB16E4-C9CB-46B6-BD3D-3EED796B45A7}.Debug|Any CPU.Build.0 = Debug|Any CPU
		{1CEB16E4-C9CB-46B6-BD3D-3EED796B45A7}.Release|Any CPU.ActiveCfg = Release|Any CPU
		{1CEB16E4-C9CB-46B6-BD3D-3EED796B45A7}.Release|Any CPU.Build.0 = Release|Any CPU
		{6D01BEF9-7A0B-420B-B9B8-E08BCF74F047}.Debug|Any CPU.ActiveCfg = Debug|Any CPU
		{6D01BEF9-7A0B-420B-B9B8-E08BCF74F047}.Debug|Any CPU.Build.0 = Debug|Any CPU
		{6D01BEF9-7A0B-420B-B9B8-E08BCF74F047}.Release|Any CPU.ActiveCfg = Release|Any CPU
		{6D01BEF9-7A0B-420B-B9B8-E08BCF74F047}.Release|Any CPU.Build.0 = Release|Any CPU
		{9D007C82-7974-462B-88D7-69A9C036D3EA}.Debug|Any CPU.ActiveCfg = Debug|Any CPU
		{9D007C82-7974-462B-88D7-69A9C036D3EA}.Debug|Any CPU.Build.0 = Debug|Any CPU
		{9D007C82-7974-462B-88D7-69A9C036D3EA}.Release|Any CPU.ActiveCfg = Release|Any CPU
		{9D007C82-7974-462B-88D7-69A9C036D3EA}.Release|Any CPU.Build.0 = Release|Any CPU
		{A8E693CF-3640-49CB-8CBB-1C4B0C6E9F78}.Debug|Any CPU.ActiveCfg = Debug|Any CPU
		{A8E693CF-3640-49CB-8CBB-1C4B0C6E9F78}.Debug|Any CPU.Build.0 = Debug|Any CPU
		{A8E693CF-3640-49CB-8CBB-1C4B0C6E9F78}.Release|Any CPU.ActiveCfg = Release|Any CPU
		{A8E693CF-3640-49CB-8CBB-1C4B0C6E9F78}.Release|Any CPU.Build.0 = Release|Any CPU
		{CD648E33-A292-4A86-951A-01C51783A018}.Debug|Any CPU.ActiveCfg = Debug|Any CPU
		{CD648E33-A292-4A86-951A-01C51783A018}.Debug|Any CPU.Build.0 = Debug|Any CPU
		{CD648E33-A292-4A86-951A-01C51783A018}.Release|Any CPU.ActiveCfg = Release|Any CPU
		{CD648E33-A292-4A86-951A-01C51783A018}.Release|Any CPU.Build.0 = Release|Any CPU
		{98DC10F1-20FF-4EAE-91AB-3F47AD8D81FE}.Debug|Any CPU.ActiveCfg = Debug|Any CPU
		{98DC10F1-20FF-4EAE-91AB-3F47AD8D81FE}.Debug|Any CPU.Build.0 = Debug|Any CPU
		{98DC10F1-20FF-4EAE-91AB-3F47AD8D81FE}.Release|Any CPU.ActiveCfg = Release|Any CPU
		{98DC10F1-20FF-4EAE-91AB-3F47AD8D81FE}.Release|Any CPU.Build.0 = Release|Any CPU
		{32752C5A-C4E7-4F75-8824-C4902F6C5529}.Debug|Any CPU.ActiveCfg = Debug|Any CPU
		{32752C5A-C4E7-4F75-8824-C4902F6C5529}.Debug|Any CPU.Build.0 = Debug|Any CPU
		{32752C5A-C4E7-4F75-8824-C4902F6C5529}.Release|Any CPU.ActiveCfg = Release|Any CPU
		{32752C5A-C4E7-4F75-8824-C4902F6C5529}.Release|Any CPU.Build.0 = Release|Any CPU
		{EF7657A4-399B-4611-8A82-B277BCEC8186}.Debug|Any CPU.ActiveCfg = Debug|Any CPU
		{EF7657A4-399B-4611-8A82-B277BCEC8186}.Debug|Any CPU.Build.0 = Debug|Any CPU
		{EF7657A4-399B-4611-8A82-B277BCEC8186}.Release|Any CPU.ActiveCfg = Release|Any CPU
		{EF7657A4-399B-4611-8A82-B277BCEC8186}.Release|Any CPU.Build.0 = Release|Any CPU
		{C70CDDD7-0484-41BE-9777-910C5B23BEBD}.Debug|Any CPU.ActiveCfg = Debug|Any CPU
		{C70CDDD7-0484-41BE-9777-910C5B23BEBD}.Debug|Any CPU.Build.0 = Debug|Any CPU
		{C70CDDD7-0484-41BE-9777-910C5B23BEBD}.Release|Any CPU.ActiveCfg = Release|Any CPU
		{C70CDDD7-0484-41BE-9777-910C5B23BEBD}.Release|Any CPU.Build.0 = Release|Any CPU
		{5B133124-C9FF-4DC6-B384-E488151E5712}.Debug|Any CPU.ActiveCfg = Debug|Any CPU
		{5B133124-C9FF-4DC6-B384-E488151E5712}.Debug|Any CPU.Build.0 = Debug|Any CPU
		{5B133124-C9FF-4DC6-B384-E488151E5712}.Release|Any CPU.ActiveCfg = Release|Any CPU
		{5B133124-C9FF-4DC6-B384-E488151E5712}.Release|Any CPU.Build.0 = Release|Any CPU
	EndGlobalSection
	GlobalSection(SolutionProperties) = preSolution
		HideSolutionNode = FALSE
	EndGlobalSection
	GlobalSection(NestedProjects) = preSolution
		{1497DE40-4F4D-4486-8E4A-076346E2ACA7} = {E4FAD9D1-31F8-4EF6-8628-53AF79B311F0}
		{A5250DEB-151A-4CAC-9E29-A9F58E1D976C} = {E4FAD9D1-31F8-4EF6-8628-53AF79B311F0}
		{73D84417-58A6-459C-92AB-BB6DE1858B77} = {A5250DEB-151A-4CAC-9E29-A9F58E1D976C}
		{43FE6C20-D586-4994-AB0D-39EA4EE82F3D} = {A5250DEB-151A-4CAC-9E29-A9F58E1D976C}
		{B66DB9A6-7117-45A6-8D1B-0B94EF7797C1} = {A5250DEB-151A-4CAC-9E29-A9F58E1D976C}
		{9097811B-6C0D-43E7-AFAE-E2F7A9B1A66E} = {A5250DEB-151A-4CAC-9E29-A9F58E1D976C}
		{07246CB0-26C8-4DB5-AFAE-D4817BBEFDD1} = {A5250DEB-151A-4CAC-9E29-A9F58E1D976C}
		{400AFE65-4CEE-428F-8B03-12D241EDF2B6} = {E4FAD9D1-31F8-4EF6-8628-53AF79B311F0}
		{370066C0-3DD4-437C-B81D-DA72E92F24A6} = {E4FAD9D1-31F8-4EF6-8628-53AF79B311F0}
		{3C62F980-B9B8-4D78-829B-92505619D7E2} = {E4FAD9D1-31F8-4EF6-8628-53AF79B311F0}
		{1CEB16E4-C9CB-46B6-BD3D-3EED796B45A7} = {400AFE65-4CEE-428F-8B03-12D241EDF2B6}
		{6D01BEF9-7A0B-420B-B9B8-E08BCF74F047} = {400AFE65-4CEE-428F-8B03-12D241EDF2B6}
		{9D007C82-7974-462B-88D7-69A9C036D3EA} = {400AFE65-4CEE-428F-8B03-12D241EDF2B6}
		{A8E693CF-3640-49CB-8CBB-1C4B0C6E9F78} = {400AFE65-4CEE-428F-8B03-12D241EDF2B6}
		{CD648E33-A292-4A86-951A-01C51783A018} = {400AFE65-4CEE-428F-8B03-12D241EDF2B6}
		{98DC10F1-20FF-4EAE-91AB-3F47AD8D81FE} = {370066C0-3DD4-437C-B81D-DA72E92F24A6}
		{32752C5A-C4E7-4F75-8824-C4902F6C5529} = {370066C0-3DD4-437C-B81D-DA72E92F24A6}
		{EF7657A4-399B-4611-8A82-B277BCEC8186} = {370066C0-3DD4-437C-B81D-DA72E92F24A6}
		{C70CDDD7-0484-41BE-9777-910C5B23BEBD} = {370066C0-3DD4-437C-B81D-DA72E92F24A6}
		{5B133124-C9FF-4DC6-B384-E488151E5712} = {370066C0-3DD4-437C-B81D-DA72E92F24A6}
	EndGlobalSection
	GlobalSection(ExtensibilityGlobals) = postSolution
		SolutionGuid = {5E574915-E21B-4A63-9793-232342F6D4D0}
	EndGlobalSection
EndGlobal
